
Microsoft Visual Studio Solution File, Format Version 12.00
# Visual Studio 15
VisualStudioVersion = 15.0.26124.0
MinimumVisualStudioVersion = 15.0.26124.0
Project("{FAE04EC0-301F-11D3-BF4B-00C04F79EFBC}") = "Catalogo", "Catalogo\Catalogo.csproj", "{C2C4AE19-C95A-4CC5-A291-43E13E829ABC}"
EndProject
Project("{FAE04EC0-301F-11D3-BF4B-00C04F79EFBC}") = "Gateway", "Gateway\Gateway.csproj", "{300FB415-39EA-4E47-AE5E-9D556357FA61}"
EndProject
Project("{FAE04EC0-301F-11D3-BF4B-00C04F79EFBC}") = "Pedido", "Pedido\Pedido.csproj", "{A391EC61-DEDB-4E37-B964-FCD7F281FF2E}"
EndProject
Global
	GlobalSection(SolutionConfigurationPlatforms) = preSolution
		Debug|Any CPU = Debug|Any CPU
		Debug|x64 = Debug|x64
		Debug|x86 = Debug|x86
		Release|Any CPU = Release|Any CPU
		Release|x64 = Release|x64
		Release|x86 = Release|x86
	EndGlobalSection
	GlobalSection(SolutionProperties) = preSolution
		HideSolutionNode = FALSE
	EndGlobalSection
	GlobalSection(ProjectConfigurationPlatforms) = postSolution
		{C2C4AE19-C95A-4CC5-A291-43E13E829ABC}.Debug|Any CPU.ActiveCfg = Debug|Any CPU
		{C2C4AE19-C95A-4CC5-A291-43E13E829ABC}.Debug|Any CPU.Build.0 = Debug|Any CPU
		{C2C4AE19-C95A-4CC5-A291-43E13E829ABC}.Debug|x64.ActiveCfg = Debug|Any CPU
		{C2C4AE19-C95A-4CC5-A291-43E13E829ABC}.Debug|x64.Build.0 = Debug|Any CPU
		{C2C4AE19-C95A-4CC5-A291-43E13E829ABC}.Debug|x86.ActiveCfg = Debug|Any CPU
		{C2C4AE19-C95A-4CC5-A291-43E13E829ABC}.Debug|x86.Build.0 = Debug|Any CPU
		{C2C4AE19-C95A-4CC5-A291-43E13E829ABC}.Release|Any CPU.ActiveCfg = Release|Any CPU
		{C2C4AE19-C95A-4CC5-A291-43E13E829ABC}.Release|Any CPU.Build.0 = Release|Any CPU
		{C2C4AE19-C95A-4CC5-A291-43E13E829ABC}.Release|x64.ActiveCfg = Release|Any CPU
		{C2C4AE19-C95A-4CC5-A291-43E13E829ABC}.Release|x64.Build.0 = Release|Any CPU
		{C2C4AE19-C95A-4CC5-A291-43E13E829ABC}.Release|x86.ActiveCfg = Release|Any CPU
		{C2C4AE19-C95A-4CC5-A291-43E13E829ABC}.Release|x86.Build.0 = Release|Any CPU
		{300FB415-39EA-4E47-AE5E-9D556357FA61}.Debug|Any CPU.ActiveCfg = Debug|Any CPU
		{300FB415-39EA-4E47-AE5E-9D556357FA61}.Debug|Any CPU.Build.0 = Debug|Any CPU
		{300FB415-39EA-4E47-AE5E-9D556357FA61}.Debug|x64.ActiveCfg = Debug|Any CPU
		{300FB415-39EA-4E47-AE5E-9D556357FA61}.Debug|x64.Build.0 = Debug|Any CPU
		{300FB415-39EA-4E47-AE5E-9D556357FA61}.Debug|x86.ActiveCfg = Debug|Any CPU
		{300FB415-39EA-4E47-AE5E-9D556357FA61}.Debug|x86.Build.0 = Debug|Any CPU
		{300FB415-39EA-4E47-AE5E-9D556357FA61}.Release|Any CPU.ActiveCfg = Release|Any CPU
		{300FB415-39EA-4E47-AE5E-9D556357FA61}.Release|Any CPU.Build.0 = Release|Any CPU
		{300FB415-39EA-4E47-AE5E-9D556357FA61}.Release|x64.ActiveCfg = Release|Any CPU
		{300FB415-39EA-4E47-AE5E-9D556357FA61}.Release|x64.Build.0 = Release|Any CPU
		{300FB415-39EA-4E47-AE5E-9D556357FA61}.Release|x86.ActiveCfg = Release|Any CPU
		{300FB415-39EA-4E47-AE5E-9D556357FA61}.Release|x86.Build.0 = Release|Any CPU
		{A391EC61-DEDB-4E37-B964-FCD7F281FF2E}.Debug|Any CPU.ActiveCfg = Debug|Any CPU
		{A391EC61-DEDB-4E37-B964-FCD7F281FF2E}.Debug|Any CPU.Build.0 = Debug|Any CPU
		{A391EC61-DEDB-4E37-B964-FCD7F281FF2E}.Debug|x64.ActiveCfg = Debug|Any CPU
		{A391EC61-DEDB-4E37-B964-FCD7F281FF2E}.Debug|x64.Build.0 = Debug|Any CPU
		{A391EC61-DEDB-4E37-B964-FCD7F281FF2E}.Debug|x86.ActiveCfg = Debug|Any CPU
		{A391EC61-DEDB-4E37-B964-FCD7F281FF2E}.Debug|x86.Build.0 = Debug|Any CPU
		{A391EC61-DEDB-4E37-B964-FCD7F281FF2E}.Release|Any CPU.ActiveCfg = Release|Any CPU
		{A391EC61-DEDB-4E37-B964-FCD7F281FF2E}.Release|Any CPU.Build.0 = Release|Any CPU
		{A391EC61-DEDB-4E37-B964-FCD7F281FF2E}.Release|x64.ActiveCfg = Release|Any CPU
		{A391EC61-DEDB-4E37-B964-FCD7F281FF2E}.Release|x64.Build.0 = Release|Any CPU
		{A391EC61-DEDB-4E37-B964-FCD7F281FF2E}.Release|x86.ActiveCfg = Release|Any CPU
		{A391EC61-DEDB-4E37-B964-FCD7F281FF2E}.Release|x86.Build.0 = Release|Any CPU
	EndGlobalSection
EndGlobal
